
Microsoft Visual Studio Solution File, Format Version 12.00
# Visual Studio 15
VisualStudioVersion = 15.0.27428.2015
MinimumVisualStudioVersion = 10.0.40219.1
Project("{FAE04EC0-301F-11D3-BF4B-00C04F79EFBC}") = "PartyInvites", "PartyInvites\PartyInvites.csproj", "{722B3FCB-0ADE-4741-9997-44B6D036FF7C}"
EndProject
Global
	GlobalSection(SolutionConfigurationPlatforms) = preSolution
		Debug|Any CPU = Debug|Any CPU
		Release|Any CPU = Release|Any CPU
	EndGlobalSection
	GlobalSection(ProjectConfigurationPlatforms) = postSolution
		{722B3FCB-0ADE-4741-9997-44B6D036FF7C}.Debug|Any CPU.ActiveCfg = Debug|Any CPU
		{722B3FCB-0ADE-4741-9997-44B6D036FF7C}.Debug|Any CPU.Build.0 = Debug|Any CPU
		{722B3FCB-0ADE-4741-9997-44B6D036FF7C}.Release|Any CPU.ActiveCfg = Release|Any CPU
		{722B3FCB-0ADE-4741-9997-44B6D036FF7C}.Release|Any CPU.Build.0 = Release|Any CPU
	EndGlobalSection
	GlobalSection(SolutionProperties) = preSolution
		HideSolutionNode = FALSE
	EndGlobalSection
	GlobalSection(ExtensibilityGlobals) = postSolution
		SolutionGuid = {6C4E1116-1299-48EC-978B-A10C3F14903A}
	EndGlobalSection
EndGlobal
